{
  "name": "durable",
  "version": "1.0.0",
  "lockfileVersion": 3,
  "requires": true,
  "packages": {
    "": {
      "name": "durable",
      "version": "1.0.0",
      "license": "ISC",
      "dependencies": {
        "durable": "file:"
      },
      "devDependencies": {
        "@cloudflare/workers-types": "^4.20250421.0"
      }
    },
    "node_modules/@cloudflare/workers-types": {
      "version": "4.20250421.0",
      "resolved": "https://registry.npmjs.org/@cloudflare/workers-types/-/workers-types-4.20250421.0.tgz",
      "integrity": "sha512-GYSmQxF9ZE2kkmjCSiYTFdcXUHPeBrz9XvKhqGLTKT8ITYxN5kXy9OYlpkhtVWWUE+XNq7qm5uSKwluaOBKoAw==",
      "dev": true,
      "license": "MIT OR Apache-2.0"
    },
    "node_modules/durable": {
      "resolved": "",
      "link": true
    }
  }
}
